
Microsoft Visual Studio Solution File, Format Version 12.00
# Visual Studio 15
Project("{FAE04EC0-301F-11D3-BF4B-00C04F79EFBC}") = "Assembly-CSharp", "Assembly-CSharp.csproj", "{D3123828-15F7-93E8-5BEF-3605272931DF}"
EndProject
Project("{FAE04EC0-301F-11D3-BF4B-00C04F79EFBC}") = "Assembly-CSharp-Editor", "Assembly-CSharp-Editor.csproj", "{AE231121-6C4E-4C49-E515-8D50A0F7310B}"
EndProject
Global
	GlobalSection(SolutionConfigurationPlatforms) = preSolution
		Debug|Any CPU = Debug|Any CPU
		Release|Any CPU = Release|Any CPU
	EndGlobalSection
	GlobalSection(ProjectConfigurationPlatforms) = postSolution
		{D3123828-15F7-93E8-5BEF-3605272931DF}.Debug|Any CPU.ActiveCfg = Debug|Any CPU
		{D3123828-15F7-93E8-5BEF-3605272931DF}.Debug|Any CPU.Build.0 = Debug|Any CPU
		{D3123828-15F7-93E8-5BEF-3605272931DF}.Release|Any CPU.ActiveCfg = Release|Any CPU
		{D3123828-15F7-93E8-5BEF-3605272931DF}.Release|Any CPU.Build.0 = Release|Any CPU
		{AE231121-6C4E-4C49-E515-8D50A0F7310B}.Debug|Any CPU.ActiveCfg = Debug|Any CPU
		{AE231121-6C4E-4C49-E515-8D50A0F7310B}.Debug|Any CPU.Build.0 = Debug|Any CPU
		{AE231121-6C4E-4C49-E515-8D50A0F7310B}.Release|Any CPU.ActiveCfg = Release|Any CPU
		{AE231121-6C4E-4C49-E515-8D50A0F7310B}.Release|Any CPU.Build.0 = Release|Any CPU
	EndGlobalSection
	GlobalSection(SolutionProperties) = preSolution
		HideSolutionNode = FALSE
	EndGlobalSection
EndGlobal
